
Microsoft Visual Studio Solution File, Format Version 12.00
# Visual Studio Version 16
VisualStudioVersion = 16.0.31205.134
MinimumVisualStudioVersion = 10.0.40219.1
Project("{D2ABAB84-BF74-430A-B69E-9DC6D40DDA17}") = "Aufgabe5_SSAS", "Aufgabe5_SSAS.dwproj", "{09352260-02A7-48D0-89D9-550CCC79816A}"
EndProject
Global
	GlobalSection(SolutionConfigurationPlatforms) = preSolution
		Development|Default = Development|Default
	EndGlobalSection
	GlobalSection(ProjectConfigurationPlatforms) = postSolution
		{09352260-02A7-48D0-89D9-550CCC79816A}.Development|Default.ActiveCfg = Development
		{09352260-02A7-48D0-89D9-550CCC79816A}.Development|Default.Build.0 = Development
		{09352260-02A7-48D0-89D9-550CCC79816A}.Development|Default.Deploy.0 = Development
	EndGlobalSection
	GlobalSection(SolutionProperties) = preSolution
		HideSolutionNode = FALSE
	EndGlobalSection
	GlobalSection(ExtensibilityGlobals) = postSolution
		SolutionGuid = {19DB0370-9967-400B-B2D2-2DA6B341FC62}
	EndGlobalSection
EndGlobal
